
Microsoft Visual Studio Solution File, Format Version 11.00
# Visual Studio 2010
Project("{8BC9CEB8-8B4A-11D0-8D11-00A0C91BC942}") = "c_implement", "c_implement\c_implement.vcxproj", "{6642397E-5B38-4F0D-8CFA-81019E1B682A}"
EndProject
Global
	GlobalSection(SolutionConfigurationPlatforms) = preSolution
		Debug|Win32 = Debug|Win32
		Release|Win32 = Release|Win32
	EndGlobalSection
	GlobalSection(ProjectConfigurationPlatforms) = postSolution
		{6642397E-5B38-4F0D-8CFA-81019E1B682A}.Debug|Win32.ActiveCfg = Debug|Win32
		{6642397E-5B38-4F0D-8CFA-81019E1B682A}.Debug|Win32.Build.0 = Debug|Win32
		{6642397E-5B38-4F0D-8CFA-81019E1B682A}.Release|Win32.ActiveCfg = Release|Win32
		{6642397E-5B38-4F0D-8CFA-81019E1B682A}.Release|Win32.Build.0 = Release|Win32
	EndGlobalSection
	GlobalSection(SolutionProperties) = preSolution
		HideSolutionNode = FALSE
	EndGlobalSection
EndGlobal
